{
  "name": "web",
  "lockfileVersion": 2,
  "requires": true,
  "packages": {
    "": {
      "dependencies": {
        "spinkit": "^2.0.1"
      }
    },
    "node_modules/spinkit": {
      "version": "2.0.1",
      "resolved": "https://registry.npmjs.org/spinkit/-/spinkit-2.0.1.tgz",
      "integrity": "sha512-oYBGY0GV1H1dX+ZdKnB6JVsYC1w/Xl20H111eb+WSS8nUYmlHgGb4y5buFSkzzceEeYYh5kMhXoAmoTpiQauiA=="
    }
  },
  "dependencies": {
    "spinkit": {
      "version": "2.0.1",
      "resolved": "https://registry.npmjs.org/spinkit/-/spinkit-2.0.1.tgz",
      "integrity": "sha512-oYBGY0GV1H1dX+ZdKnB6JVsYC1w/Xl20H111eb+WSS8nUYmlHgGb4y5buFSkzzceEeYYh5kMhXoAmoTpiQauiA=="
    }
  }
}
